// !$*UTF8*$!
{
	archiveVersion = 1;
	classes = {
	};
	objectVersion = 46;
	objects = {

/* Begin PBXBuildFile section */
		2F0E40771C88273A006C1892 /* AppDelegate.m in Sources */ = {isa = PBXBuildFile; fileRef = 2F0E40761C88273A006C1892 /* AppDelegate.m */; };
		2F0E407A1C88273A006C1892 /* main.m in Sources */ = {isa = PBXBuildFile; fileRef = 2F0E40791C88273A006C1892 /* main.m */; };
		2F0E407C1C88273A006C1892 /* Assets.xcassets in Resources */ = {isa = PBXBuildFile; fileRef = 2F0E407B1C88273A006C1892 /* Assets.xcassets */; };
		2F0E407F1C88273A006C1892 /* MainMenu.xib in Resources */ = {isa = PBXBuildFile; fileRef = 2F0E407D1C88273A006C1892 /* MainMenu.xib */; };
		2F0E40881C88275E006C1892 /* BRNumberFormatter.m in Sources */ = {isa = PBXBuildFile; fileRef = 2F0E40871C88275E006C1892 /* BRNumberFormatter.m */; };
		2F0E408B1C882AC7006C1892 /* BRNumberField.m in Sources */ = {isa = PBXBuildFile; fileRef = 2F0E408A1C882AC7006C1892 /* BRNumberField.m */; };
/* End PBXBuildFile section */

/* Begin PBXFileReference section */
		2F0E40721C88273A006C1892 /* BRNumberField.app */ = {isa = PBXFileReference; explicitFileType = wrapper.application; includeInIndex = 0; path = BRNumberField.app; sourceTree = BUILT_PRODUCTS_DIR; };
		2F0E40751C88273A006C1892 /* AppDelegate.h */ = {isa = PBXFileReference; lastKnownFileType = sourcecode.c.h; path = AppDelegate.h; sourceTree = "<group>"; };
		2F0E40761C88273A006C1892 /* AppDelegate.m */ = {isa = PBXFileReference; lastKnownFileType = sourcecode.c.objc; path = AppDelegate.m; sourceTree = "<group>"; };
		2F0E40791C88273A006C1892 /* main.m */ = {isa = PBXFileReference; lastKnownFileType = sourcecode.c.objc; path = main.m; sourceTree = "<group>"; };
		2F0E407B1C88273A006C1892 /* Assets.xcassets */ = {isa = PBXFileReference; lastKnownFileType = folder.assetcatalog; path = Assets.xcassets; sourceTree = "<group>"; };
		2F0E407E1C88273A006C1892 /* Base */ = {isa = PBXFileReference; lastKnownFileType = file.xib; name = Base; path = Base.lproj/MainMenu.xib; sourceTree = "<group>"; };
		2F0E40801C88273A006C1892 /* Info.plist */ = {isa = PBXFileReference; lastKnownFileType = text.plist.xml; path = Info.plist; sourceTree = "<group>"; };
		2F0E40861C88275E006C1892 /* BRNumberFormatter.h */ = {isa = PBXFileReference; fileEncoding = 4; lastKnownFileType = sourcecode.c.h; path = BRNumberFormatter.h; sourceTree = "<group>"; };
		2F0E40871C88275E006C1892 /* BRNumberFormatter.m */ = {isa = PBXFileReference; fileEncoding = 4; lastKnownFileType = sourcecode.c.objc; path = BRNumberFormatter.m; sourceTree = "<group>"; };
		2F0E40891C882AC7006C1892 /* BRNumberField.h */ = {isa = PBXFileReference; fileEncoding = 4; lastKnownFileType = sourcecode.c.h; path = BRNumberField.h; sourceTree = "<group>"; };
		2F0E408A1C882AC7006C1892 /* BRNumberField.m */ = {isa = PBXFileReference; fileEncoding = 4; lastKnownFileType = sourcecode.c.objc; path = BRNumberField.m; sourceTree = "<group>"; };
/* End PBXFileReference section */

/* Begin PBXFrameworksBuildPhase section */
		2F0E406F1C88273A006C1892 /* Frameworks */ = {
			isa = PBXFrameworksBuildPhase;
			buildActionMask = 2147483647;
			files = (
			);
			runOnlyForDeploymentPostprocessing = 0;
		};
/* End PBXFrameworksBuildPhase section */

/* Begin PBXGroup section */
		2F0E40691C88273A006C1892 = {
			isa = PBXGroup;
			children = (
				2F0E40741C88273A006C1892 /* BRNumberFormatter */,
				2F0E40731C88273A006C1892 /* Products */,
			);
			sourceTree = "<group>";
		};
		2F0E40731C88273A006C1892 /* Products */ = {
			isa = PBXGroup;
			children = (
				2F0E40721C88273A006C1892 /* BRNumberField.app */,
			);
			name = Products;
			sourceTree = "<group>";
		};
		2F0E40741C88273A006C1892 /* BRNumberFormatter */ = {
			isa = PBXGroup;
			children = (
				2F0E40751C88273A006C1892 /* AppDelegate.h */,
				2F0E40761C88273A006C1892 /* AppDelegate.m */,
				2F0E40861C88275E006C1892 /* BRNumberFormatter.h */,
				2F0E40871C88275E006C1892 /* BRNumberFormatter.m */,
				2F0E40891C882AC7006C1892 /* BRNumberField.h */,
				2F0E408A1C882AC7006C1892 /* BRNumberField.m */,
				2F0E407B1C88273A006C1892 /* Assets.xcassets */,
				2F0E407D1C88273A006C1892 /* MainMenu.xib */,
				2F0E40801C88273A006C1892 /* Info.plist */,
				2F0E40781C88273A006C1892 /* Supporting Files */,
			);
			path = BRNumberFormatter;
			sourceTree = "<group>";
		};
		2F0E40781C88273A006C1892 /* Supporting Files */ = {
			isa = PBXGroup;
			children = (
				2F0E40791C88273A006C1892 /* main.m */,
			);
			name = "Supporting Files";
			sourceTree = "<group>";
		};
/* End PBXGroup section */

/* Begin PBXNativeTarget section */
		2F0E40711C88273A006C1892 /* BRNumberField */ = {
			isa = PBXNativeTarget;
			buildConfigurationList = 2F0E40831C88273A006C1892 /* Build configuration list for PBXNativeTarget "BRNumberField" */;
			buildPhases = (
				2F0E406E1C88273A006C1892 /* Sources */,
				2F0E406F1C88273A006C1892 /* Frameworks */,
				2F0E40701C88273A006C1892 /* Resources */,
			);
			buildRules = (
			);
			dependencies = (
			);
			name = BRNumberField;
			productName = BRNumberFormatter;
			productReference = 2F0E40721C88273A006C1892 /* BRNumberField.app */;
			productType = "com.apple.product-type.application";
		};
/* End PBXNativeTarget section */

/* Begin PBXProject section */
		2F0E406A1C88273A006C1892 /* Project object */ = {
			isa = PBXProject;
			attributes = {
				LastUpgradeCheck = 0710;
				ORGANIZATIONNAME = sgyang;
				TargetAttributes = {
					2F0E40711C88273A006C1892 = {
						CreatedOnToolsVersion = 7.1.1;
					};
				};
			};
			buildConfigurationList = 2F0E406D1C88273A006C1892 /* Build configuration list for PBXProject "BRNumberField" */;
			compatibilityVersion = "Xcode 3.2";
			developmentRegion = English;
			hasScannedForEncodings = 0;
			knownRegions = (
				en,
				Base,
			);
			mainGroup = 2F0E40691C88273A006C1892;
			productRefGroup = 2F0E40731C88273A006C1892 /* Products */;
			projectDirPath = "";
			projectRoot = "";
			targets = (
				2F0E40711C88273A006C1892 /* BRNumberField */,
			);
		};
/* End PBXProject section */

/* Begin PBXResourcesBuildPhase section */
		2F0E40701C88273A006C1892 /* Resources */ = {
			isa = PBXResourcesBuildPhase;
			buildActionMask = 2147483647;
			files = (
				2F0E407C1C88273A006C1892 /* Assets.xcassets in Resources */,
				2F0E407F1C88273A006C1892 /* MainMenu.xib in Resources */,
			);
			runOnlyForDeploymentPostprocessing = 0;
		};
/* End PBXResourcesBuildPhase section */

/* Begin PBXSourcesBuildPhase section */
		2F0E406E1C88273A006C1892 /* Sources */ = {
			isa = PBXSourcesBuildPhase;
			buildActionMask = 2147483647;
			files = (
				2F0E407A1C88273A006C1892 /* main.m in Sources */,
				2F0E40881C88275E006C1892 /* BRNumberFormatter.m in Sources */,
				2F0E40771C88273A006C1892 /* AppDelegate.m in Sources */,
				2F0E408B1C882AC7006C1892 /* BRNumberField.m in Sources */,
			);
			runOnlyForDeploymentPostprocessing = 0;
		};
/* End PBXSourcesBuildPhase section */

/* Begin PBXVariantGroup section */
		2F0E407D1C88273A006C1892 /* MainMenu.xib */ = {
			isa = PBXVariantGroup;
			children = (
				2F0E407E1C88273A006C1892 /* Base */,
			);
			name = MainMenu.xib;
			sourceTree = "<group>";
		};
/* End PBXVariantGroup section */

/* Begin XCBuildConfiguration section */
		2F0E40811C88273A006C1892 /* Debug */ = {
			isa = XCBuildConfiguration;
			buildSettings = {
				ALWAYS_SEARCH_USER_PATHS = NO;
				CLANG_CXX_LANGUAGE_STANDARD = "gnu++0x";
				CLANG_CXX_LIBRARY = "libc++";
				CLANG_ENABLE_MODULES = YES;
				CLANG_ENABLE_OBJC_ARC = YES;
				CLANG_WARN_BOOL_CONVERSION = YES;
				CLANG_WARN_CONSTANT_CONVERSION = YES;
				CLANG_WARN_DIRECT_OBJC_ISA_USAGE = YES_ERROR;
				CLANG_WARN_EMPTY_BODY = YES;
				CLANG_WARN_ENUM_CONVERSION = YES;
				CLANG_WARN_INT_CONVERSION = YES;
				CLANG_WARN_OBJC_ROOT_CLASS = YES_ERROR;
				CLANG_WARN_UNREACHABLE_CODE = YES;
				CLANG_WARN__DUPLICATE_METHOD_MATCH = YES;
				CODE_SIGN_IDENTITY = "-";
				COPY_PHASE_STRIP = NO;
				DEBUG_INFORMATION_FORMAT = dwarf;
				ENABLE_STRICT_OBJC_MSGSEND = YES;
				ENABLE_TESTABILITY = YES;
				GCC_C_LANGUAGE_STANDARD = gnu99;
				GCC_DYNAMIC_NO_PIC = NO;
				GCC_NO_COMMON_BLOCKS = YES;
				GCC_OPTIMIZATION_LEVEL = 0;
				GCC_PREPROCESSOR_DEFINITIONS = (
					"DEBUG=1",
					"$(inherited)",
				);
				GCC_WARN_64_TO_32_BIT_CONVERSION = YES;
				GCC_WARN_ABOUT_RETURN_TYPE = YES_ERROR;
				GCC_WARN_UNDECLARED_SELECTOR = YES;
				GCC_WARN_UNINITIALIZED_AUTOS = YES_AGGRESSIVE;
				GCC_WARN_UNUSED_FUNCTION = YES;
				GCC_WARN_UNUSED_VARIABLE = YES;
				MACOSX_DEPLOYMENT_TARGET = 10.11;
				MTL_ENABLE_DEBUG_INFO = YES;
				ONLY_ACTIVE_ARCH = YES;
				SDKROOT = macosx;
			};
			name = Debug;
		};
		2F0E40821C88273A006C1892 /* Release */ = {
			isa = XCBuildConfiguration;
			buildSettings = {
				ALWAYS_SEARCH_USER_PATHS = NO;
				CLANG_CXX_LANGUAGE_STANDARD = "gnu++0x";
				CLANG_CXX_LIBRARY = "libc++";
				CLANG_ENABLE_MODULES = YES;
				CLANG_ENABLE_OBJC_ARC = YES;
				CLANG_WARN_BOOL_CONVERSION = YES;
				CLANG_WARN_CONSTANT_CONVERSION = YES;
				CLANG_WARN_DIRECT_OBJC_ISA_USAGE = YES_ERROR;
				CLANG_WARN_EMPTY_BODY = YES;
				CLANG_WARN_ENUM_CONVERSION = YES;
				CLANG_WARN_INT_CONVERSION = YES;
				CLANG_WARN_OBJC_ROOT_CLASS = YES_ERROR;
				CLANG_WARN_UNREACHABLE_CODE = YES;
				CLANG_WARN__DUPLICATE_METHOD_MATCH = YES;
				CODE_SIGN_IDENTITY = "-";
				COPY_PHASE_STRIP = NO;
				DEBUG_INFORMATION_FORMAT = "dwarf-with-dsym";
				ENABLE_NS_ASSERTIONS = NO;
				ENABLE_STRICT_OBJC_MSGSEND = YES;
				GCC_C_LANGUAGE_STANDARD = gnu99;
				GCC_NO_COMMON_BLOCKS = YES;
				GCC_WARN_64_TO_32_BIT_CONVERSION = YES;
				GCC_WARN_ABOUT_RETURN_TYPE = YES_ERROR;
				GCC_WARN_UNDECLARED_SELECTOR = YES;
				GCC_WARN_UNINITIALIZED_AUTOS = YES_AGGRESSIVE;
				GCC_WARN_UNUSED_FUNCTION = YES;
				GCC_WARN_UNUSED_VARIABLE = YES;
				MACOSX_DEPLOYMENT_TARGET = 10.11;
				MTL_ENABLE_DEBUG_INFO = NO;
				SDKROOT = macosx;
			};
			name = Release;
		};
		2F0E40841C88273A006C1892 /* Debug */ = {
			isa = XCBuildConfiguration;
			buildSettings = {
				ASSETCATALOG_COMPILER_APPICON_NAME = AppIcon;
				COMBINE_HIDPI_IMAGES = YES;
				INFOPLIST_FILE = BRNumberFormatter/Info.plist;
				LD_RUNPATH_SEARCH_PATHS = "$(inherited) @executable_path/../Frameworks";
				PRODUCT_BUNDLE_IDENTIFIER = com.sgyang.BRNumberField;
				PRODUCT_NAME = BRNumberField;
			};
			name = Debug;
		};
		2F0E40851C88273A006C1892 /* Release */ = {
			isa = XCBuildConfiguration;
			buildSettings = {
				ASSETCATALOG_COMPILER_APPICON_NAME = AppIcon;
				COMBINE_HIDPI_IMAGES = YES;
				INFOPLIST_FILE = BRNumberFormatter/Info.plist;
				LD_RUNPATH_SEARCH_PATHS = "$(inherited) @executable_path/../Frameworks";
				PRODUCT_BUNDLE_IDENTIFIER = com.sgyang.BRNumberField;
				PRODUCT_NAME = BRNumberField;
			};
			name = Release;
		};
/* End XCBuildConfiguration section */

/* Begin XCConfigurationList section */
		2F0E406D1C88273A006C1892 /* Build configuration list for PBXProject "BRNumberField" */ = {
			isa = XCConfigurationList;
			buildConfigurations = (
				2F0E40811C88273A006C1892 /* Debug */,
				2F0E40821C88273A006C1892 /* Release */,
			);
			defaultConfigurationIsVisible = 0;
			defaultConfigurationName = Release;
		};
		2F0E40831C88273A006C1892 /* Build configuration list for PBXNativeTarget "BRNumberField" */ = {
			isa = XCConfigurationList;
			buildConfigurations = (
				2F0E40841C88273A006C1892 /* Debug */,
				2F0E40851C88273A006C1892 /* Release */,
			);
			defaultConfigurationIsVisible = 0;
		};
/* End XCConfigurationList section */
	};
	rootObject = 2F0E406A1C88273A006C1892 /* Project object */;
}
